
Microsoft Visual Studio Solution File, Format Version 12.00
# Visual Studio Version 16
VisualStudioVersion = 16.0.28803.202
MinimumVisualStudioVersion = 10.0.40219.1
Project("{FAE04EC0-301F-11D3-BF4B-00C04F79EFBC}") = "QuadTreeAlgorithm", "QuadTreeAlgorithm\QuadTreeAlgorithm.csproj", "{DF2D3418-0730-422A-B083-1B7E1BEE6389}"
EndProject
Global
	GlobalSection(SolutionConfigurationPlatforms) = preSolution
		Debug|Any CPU = Debug|Any CPU
		Release|Any CPU = Release|Any CPU
	EndGlobalSection
	GlobalSection(ProjectConfigurationPlatforms) = postSolution
		{DF2D3418-0730-422A-B083-1B7E1BEE6389}.Debug|Any CPU.ActiveCfg = Debug|Any CPU
		{DF2D3418-0730-422A-B083-1B7E1BEE6389}.Debug|Any CPU.Build.0 = Debug|Any CPU
		{DF2D3418-0730-422A-B083-1B7E1BEE6389}.Release|Any CPU.ActiveCfg = Release|Any CPU
		{DF2D3418-0730-422A-B083-1B7E1BEE6389}.Release|Any CPU.Build.0 = Release|Any CPU
	EndGlobalSection
	GlobalSection(SolutionProperties) = preSolution
		HideSolutionNode = FALSE
	EndGlobalSection
	GlobalSection(ExtensibilityGlobals) = postSolution
		SolutionGuid = {0B88A0E5-008B-4A05-B927-287C4CE7E36A}
	EndGlobalSection
EndGlobal
